// !$*UTF8*$!
{
	archiveVersion = 1;
	classes = {
	};
	objectVersion = 56;
	objects = {

/* Begin PBXBuildFile section */
		C8F3567FE6DCABD3173A02F3 /* Pods_WeatherAppTests.framework in Frameworks */ = {isa = PBXBuildFile; fileRef = E08E736EB696BD54859B68FF /* Pods_WeatherAppTests.framework */; };
		E06391EE3491E880B9E5722F /* Pods_WeatherApp.framework in Frameworks */ = {isa = PBXBuildFile; fileRef = 9EC6C7098BC9A303833D247C /* Pods_WeatherApp.framework */; };
		ED9EF9E12C6FBAA70056100A /* AppDelegate.swift in Sources */ = {isa = PBXBuildFile; fileRef = ED9EF9E02C6FBAA70056100A /* AppDelegate.swift */; };
		ED9EF9E32C6FBAA70056100A /* SceneDelegate.swift in Sources */ = {isa = PBXBuildFile; fileRef = ED9EF9E22C6FBAA70056100A /* SceneDelegate.swift */; };
		ED9EF9E52C6FBAA70056100A /* WeatherViewController.swift in Sources */ = {isa = PBXBuildFile; fileRef = ED9EF9E42C6FBAA70056100A /* WeatherViewController.swift */; };
		ED9EF9E82C6FBAA70056100A /* Main.storyboard in Resources */ = {isa = PBXBuildFile; fileRef = ED9EF9E62C6FBAA70056100A /* Main.storyboard */; };
		ED9EF9EA2C6FBAA80056100A /* Assets.xcassets in Resources */ = {isa = PBXBuildFile; fileRef = ED9EF9E92C6FBAA80056100A /* Assets.xcassets */; };
		ED9EF9ED2C6FBAA80056100A /* LaunchScreen.storyboard in Resources */ = {isa = PBXBuildFile; fileRef = ED9EF9EB2C6FBAA80056100A /* LaunchScreen.storyboard */; };
		ED9EF9F82C6FBAA80056100A /* WeatherAppTests.swift in Sources */ = {isa = PBXBuildFile; fileRef = ED9EF9F72C6FBAA80056100A /* WeatherAppTests.swift */; };
		ED9EFA022C6FBAA80056100A /* WeatherAppUITests.swift in Sources */ = {isa = PBXBuildFile; fileRef = ED9EFA012C6FBAA80056100A /* WeatherAppUITests.swift */; };
		ED9EFA042C6FBAA80056100A /* WeatherAppUITestsLaunchTests.swift in Sources */ = {isa = PBXBuildFile; fileRef = ED9EFA032C6FBAA80056100A /* WeatherAppUITestsLaunchTests.swift */; };
		ED9EFA192C6FBB4D0056100A /* WeatherView.swift in Sources */ = {isa = PBXBuildFile; fileRef = ED9EFA112C6FBB4D0056100A /* WeatherView.swift */; };
		ED9EFA1A2C6FBB4D0056100A /* WeatherViewModel.swift in Sources */ = {isa = PBXBuildFile; fileRef = ED9EFA132C6FBB4D0056100A /* WeatherViewModel.swift */; };
		ED9EFA1B2C6FBB4D0056100A /* WeatherResponse.swift in Sources */ = {isa = PBXBuildFile; fileRef = ED9EFA152C6FBB4D0056100A /* WeatherResponse.swift */; };
		ED9EFA1C2C6FBB4D0056100A /* WeatherService.swift in Sources */ = {isa = PBXBuildFile; fileRef = ED9EFA172C6FBB4D0056100A /* WeatherService.swift */; };
		ED9EFA1D2C6FBB4D0056100A /* LocationService.swift in Sources */ = {isa = PBXBuildFile; fileRef = ED9EFA182C6FBB4D0056100A /* LocationService.swift */; };
		ED9EFA1F2C6FF7610056100A /* WeatherServiceTests.swift in Sources */ = {isa = PBXBuildFile; fileRef = ED9EFA1E2C6FF7610056100A /* WeatherServiceTests.swift */; };
		ED9EFA212C6FF8E00056100A /* NetworkService.swift in Sources */ = {isa = PBXBuildFile; fileRef = ED9EFA202C6FF8E00056100A /* NetworkService.swift */; };
		ED9EFA232C6FF9F10056100A /* WeatherViewModelTests.swift in Sources */ = {isa = PBXBuildFile; fileRef = ED9EFA222C6FF9F10056100A /* WeatherViewModelTests.swift */; };
		ED9EFA252C6FFC700056100A /* Mocks.swift in Sources */ = {isa = PBXBuildFile; fileRef = ED9EFA242C6FFC700056100A /* Mocks.swift */; };
		F09AD01969B040F200B9C1F3 /* Pods_WeatherApp_WeatherAppUITests.framework in Frameworks */ = {isa = PBXBuildFile; fileRef = 33773B12B686BAC226819F8E /* Pods_WeatherApp_WeatherAppUITests.framework */; };
/* End PBXBuildFile section */

/* Begin PBXContainerItemProxy section */
		ED9EF9F42C6FBAA80056100A /* PBXContainerItemProxy */ = {
			isa = PBXContainerItemProxy;
			containerPortal = ED9EF9D52C6FBAA70056100A /* Project object */;
			proxyType = 1;
			remoteGlobalIDString = ED9EF9DC2C6FBAA70056100A;
			remoteInfo = WeatherApp;
		};
		ED9EF9FE2C6FBAA80056100A /* PBXContainerItemProxy */ = {
			isa = PBXContainerItemProxy;
			containerPortal = ED9EF9D52C6FBAA70056100A /* Project object */;
			proxyType = 1;
			remoteGlobalIDString = ED9EF9DC2C6FBAA70056100A;
			remoteInfo = WeatherApp;
		};
/* End PBXContainerItemProxy section */

/* Begin PBXFileReference section */
		18375A65936BEE80D8EA314A /* Pods-WeatherAppTests.release.xcconfig */ = {isa = PBXFileReference; includeInIndex = 1; lastKnownFileType = text.xcconfig; name = "Pods-WeatherAppTests.release.xcconfig"; path = "Target Support Files/Pods-WeatherAppTests/Pods-WeatherAppTests.release.xcconfig"; sourceTree = "<group>"; };
		1FE5DC12D20CC1351E929481 /* Pods-WeatherApp-WeatherAppUITests.debug.xcconfig */ = {isa = PBXFileReference; includeInIndex = 1; lastKnownFileType = text.xcconfig; name = "Pods-WeatherApp-WeatherAppUITests.debug.xcconfig"; path = "Target Support Files/Pods-WeatherApp-WeatherAppUITests/Pods-WeatherApp-WeatherAppUITests.debug.xcconfig"; sourceTree = "<group>"; };
		215D2299CDE3B4BE7D3A48F9 /* Pods-WeatherApp-WeatherAppUITests.release.xcconfig */ = {isa = PBXFileReference; includeInIndex = 1; lastKnownFileType = text.xcconfig; name = "Pods-WeatherApp-WeatherAppUITests.release.xcconfig"; path = "Target Support Files/Pods-WeatherApp-WeatherAppUITests/Pods-WeatherApp-WeatherAppUITests.release.xcconfig"; sourceTree = "<group>"; };
		24811D4C4ADF33322DAF356A /* Pods-WeatherApp.release.xcconfig */ = {isa = PBXFileReference; includeInIndex = 1; lastKnownFileType = text.xcconfig; name = "Pods-WeatherApp.release.xcconfig"; path = "Target Support Files/Pods-WeatherApp/Pods-WeatherApp.release.xcconfig"; sourceTree = "<group>"; };
		33773B12B686BAC226819F8E /* Pods_WeatherApp_WeatherAppUITests.framework */ = {isa = PBXFileReference; explicitFileType = wrapper.framework; includeInIndex = 0; path = Pods_WeatherApp_WeatherAppUITests.framework; sourceTree = BUILT_PRODUCTS_DIR; };
		443C7E2DF3F719CA4B11008A /* Pods-WeatherApp.debug.xcconfig */ = {isa = PBXFileReference; includeInIndex = 1; lastKnownFileType = text.xcconfig; name = "Pods-WeatherApp.debug.xcconfig"; path = "Target Support Files/Pods-WeatherApp/Pods-WeatherApp.debug.xcconfig"; sourceTree = "<group>"; };
		9EC6C7098BC9A303833D247C /* Pods_WeatherApp.framework */ = {isa = PBXFileReference; explicitFileType = wrapper.framework; includeInIndex = 0; path = Pods_WeatherApp.framework; sourceTree = BUILT_PRODUCTS_DIR; };
		C05BDF0AD2EC0DF25F7F48E5 /* Pods-WeatherAppTests.debug.xcconfig */ = {isa = PBXFileReference; includeInIndex = 1; lastKnownFileType = text.xcconfig; name = "Pods-WeatherAppTests.debug.xcconfig"; path = "Target Support Files/Pods-WeatherAppTests/Pods-WeatherAppTests.debug.xcconfig"; sourceTree = "<group>"; };
		E08E736EB696BD54859B68FF /* Pods_WeatherAppTests.framework */ = {isa = PBXFileReference; explicitFileType = wrapper.framework; includeInIndex = 0; path = Pods_WeatherAppTests.framework; sourceTree = BUILT_PRODUCTS_DIR; };
		ED9EF9DD2C6FBAA70056100A /* WeatherApp.app */ = {isa = PBXFileReference; explicitFileType = wrapper.application; includeInIndex = 0; path = WeatherApp.app; sourceTree = BUILT_PRODUCTS_DIR; };
		ED9EF9E02C6FBAA70056100A /* AppDelegate.swift */ = {isa = PBXFileReference; lastKnownFileType = sourcecode.swift; path = AppDelegate.swift; sourceTree = "<group>"; };
		ED9EF9E22C6FBAA70056100A /* SceneDelegate.swift */ = {isa = PBXFileReference; lastKnownFileType = sourcecode.swift; path = SceneDelegate.swift; sourceTree = "<group>"; };
		ED9EF9E42C6FBAA70056100A /* WeatherViewController.swift */ = {isa = PBXFileReference; lastKnownFileType = sourcecode.swift; path = WeatherViewController.swift; sourceTree = "<group>"; };
		ED9EF9E72C6FBAA70056100A /* Base */ = {isa = PBXFileReference; lastKnownFileType = file.storyboard; name = Base; path = Base.lproj/Main.storyboard; sourceTree = "<group>"; };
		ED9EF9E92C6FBAA80056100A /* Assets.xcassets */ = {isa = PBXFileReference; lastKnownFileType = folder.assetcatalog; path = Assets.xcassets; sourceTree = "<group>"; };
		ED9EF9EC2C6FBAA80056100A /* Base */ = {isa = PBXFileReference; lastKnownFileType = file.storyboard; name = Base; path = Base.lproj/LaunchScreen.storyboard; sourceTree = "<group>"; };
		ED9EF9EE2C6FBAA80056100A /* Info.plist */ = {isa = PBXFileReference; lastKnownFileType = text.plist.xml; path = Info.plist; sourceTree = "<group>"; };
		ED9EF9F32C6FBAA80056100A /* WeatherAppTests.xctest */ = {isa = PBXFileReference; explicitFileType = wrapper.cfbundle; includeInIndex = 0; path = WeatherAppTests.xctest; sourceTree = BUILT_PRODUCTS_DIR; };
		ED9EF9F72C6FBAA80056100A /* WeatherAppTests.swift */ = {isa = PBXFileReference; lastKnownFileType = sourcecode.swift; path = WeatherAppTests.swift; sourceTree = "<group>"; };
		ED9EF9FD2C6FBAA80056100A /* WeatherAppUITests.xctest */ = {isa = PBXFileReference; explicitFileType = wrapper.cfbundle; includeInIndex = 0; path = WeatherAppUITests.xctest; sourceTree = BUILT_PRODUCTS_DIR; };
		ED9EFA012C6FBAA80056100A /* WeatherAppUITests.swift */ = {isa = PBXFileReference; lastKnownFileType = sourcecode.swift; path = WeatherAppUITests.swift; sourceTree = "<group>"; };
		ED9EFA032C6FBAA80056100A /* WeatherAppUITestsLaunchTests.swift */ = {isa = PBXFileReference; lastKnownFileType = sourcecode.swift; path = WeatherAppUITestsLaunchTests.swift; sourceTree = "<group>"; };
		ED9EFA112C6FBB4D0056100A /* WeatherView.swift */ = {isa = PBXFileReference; fileEncoding = 4; lastKnownFileType = sourcecode.swift; path = WeatherView.swift; sourceTree = "<group>"; };
		ED9EFA132C6FBB4D0056100A /* WeatherViewModel.swift */ = {isa = PBXFileReference; fileEncoding = 4; lastKnownFileType = sourcecode.swift; path = WeatherViewModel.swift; sourceTree = "<group>"; };
		ED9EFA152C6FBB4D0056100A /* WeatherResponse.swift */ = {isa = PBXFileReference; fileEncoding = 4; lastKnownFileType = sourcecode.swift; path = WeatherResponse.swift; sourceTree = "<group>"; };
		ED9EFA172C6FBB4D0056100A /* WeatherService.swift */ = {isa = PBXFileReference; fileEncoding = 4; lastKnownFileType = sourcecode.swift; path = WeatherService.swift; sourceTree = "<group>"; };
		ED9EFA182C6FBB4D0056100A /* LocationService.swift */ = {isa = PBXFileReference; fileEncoding = 4; lastKnownFileType = sourcecode.swift; path = LocationService.swift; sourceTree = "<group>"; };
		ED9EFA1E2C6FF7610056100A /* WeatherServiceTests.swift */ = {isa = PBXFileReference; lastKnownFileType = sourcecode.swift; path = WeatherServiceTests.swift; sourceTree = "<group>"; };
		ED9EFA202C6FF8E00056100A /* NetworkService.swift */ = {isa = PBXFileReference; lastKnownFileType = sourcecode.swift; path = NetworkService.swift; sourceTree = "<group>"; };
		ED9EFA222C6FF9F10056100A /* WeatherViewModelTests.swift */ = {isa = PBXFileReference; lastKnownFileType = sourcecode.swift; path = WeatherViewModelTests.swift; sourceTree = "<group>"; };
		ED9EFA242C6FFC700056100A /* Mocks.swift */ = {isa = PBXFileReference; lastKnownFileType = sourcecode.swift; path = Mocks.swift; sourceTree = "<group>"; };
/* End PBXFileReference section */

/* Begin PBXFrameworksBuildPhase section */
		ED9EF9DA2C6FBAA70056100A /* Frameworks */ = {
			isa = PBXFrameworksBuildPhase;
			buildActionMask = 2147483647;
			files = (
				E06391EE3491E880B9E5722F /* Pods_WeatherApp.framework in Frameworks */,
			);
			runOnlyForDeploymentPostprocessing = 0;
		};
		ED9EF9F02C6FBAA80056100A /* Frameworks */ = {
			isa = PBXFrameworksBuildPhase;
			buildActionMask = 2147483647;
			files = (
				C8F3567FE6DCABD3173A02F3 /* Pods_WeatherAppTests.framework in Frameworks */,
			);
			runOnlyForDeploymentPostprocessing = 0;
		};
		ED9EF9FA2C6FBAA80056100A /* Frameworks */ = {
			isa = PBXFrameworksBuildPhase;
			buildActionMask = 2147483647;
			files = (
				F09AD01969B040F200B9C1F3 /* Pods_WeatherApp_WeatherAppUITests.framework in Frameworks */,
			);
			runOnlyForDeploymentPostprocessing = 0;
		};
/* End PBXFrameworksBuildPhase section */

/* Begin PBXGroup section */
		4679ABDA19DC07CB5520EDAC /* Frameworks */ = {
			isa = PBXGroup;
			children = (
				9EC6C7098BC9A303833D247C /* Pods_WeatherApp.framework */,
				33773B12B686BAC226819F8E /* Pods_WeatherApp_WeatherAppUITests.framework */,
				E08E736EB696BD54859B68FF /* Pods_WeatherAppTests.framework */,
			);
			name = Frameworks;
			sourceTree = "<group>";
		};
		A33C2B4820B1DA9963590E74 /* Pods */ = {
			isa = PBXGroup;
			children = (
				443C7E2DF3F719CA4B11008A /* Pods-WeatherApp.debug.xcconfig */,
				24811D4C4ADF33322DAF356A /* Pods-WeatherApp.release.xcconfig */,
				1FE5DC12D20CC1351E929481 /* Pods-WeatherApp-WeatherAppUITests.debug.xcconfig */,
				215D2299CDE3B4BE7D3A48F9 /* Pods-WeatherApp-WeatherAppUITests.release.xcconfig */,
				C05BDF0AD2EC0DF25F7F48E5 /* Pods-WeatherAppTests.debug.xcconfig */,
				18375A65936BEE80D8EA314A /* Pods-WeatherAppTests.release.xcconfig */,
			);
			path = Pods;
			sourceTree = "<group>";
		};
		ED9EF9D42C6FBAA70056100A = {
			isa = PBXGroup;
			children = (
				ED9EF9DF2C6FBAA70056100A /* WeatherApp */,
				ED9EF9F62C6FBAA80056100A /* WeatherAppTests */,
				ED9EFA002C6FBAA80056100A /* WeatherAppUITests */,
				ED9EF9DE2C6FBAA70056100A /* Products */,
				A33C2B4820B1DA9963590E74 /* Pods */,
				4679ABDA19DC07CB5520EDAC /* Frameworks */,
			);
			sourceTree = "<group>";
		};
		ED9EF9DE2C6FBAA70056100A /* Products */ = {
			isa = PBXGroup;
			children = (
				ED9EF9DD2C6FBAA70056100A /* WeatherApp.app */,
				ED9EF9F32C6FBAA80056100A /* WeatherAppTests.xctest */,
				ED9EF9FD2C6FBAA80056100A /* WeatherAppUITests.xctest */,
			);
			name = Products;
			sourceTree = "<group>";
		};
		ED9EF9DF2C6FBAA70056100A /* WeatherApp */ = {
			isa = PBXGroup;
			children = (
				ED9EF9E02C6FBAA70056100A /* AppDelegate.swift */,
				ED9EFA142C6FBB4D0056100A /* Model */,
				ED9EFA162C6FBB4D0056100A /* Services */,
				ED9EFA102C6FBB4D0056100A /* View */,
				ED9EFA122C6FBB4D0056100A /* ViewModel */,
				ED9EF9E22C6FBAA70056100A /* SceneDelegate.swift */,
				ED9EF9E62C6FBAA70056100A /* Main.storyboard */,
				ED9EF9E92C6FBAA80056100A /* Assets.xcassets */,
				ED9EF9EB2C6FBAA80056100A /* LaunchScreen.storyboard */,
				ED9EF9EE2C6FBAA80056100A /* Info.plist */,
			);
			path = WeatherApp;
			sourceTree = "<group>";
		};
		ED9EF9F62C6FBAA80056100A /* WeatherAppTests */ = {
			isa = PBXGroup;
			children = (
				ED9EF9F72C6FBAA80056100A /* WeatherAppTests.swift */,
				ED9EFA1E2C6FF7610056100A /* WeatherServiceTests.swift */,
				ED9EFA222C6FF9F10056100A /* WeatherViewModelTests.swift */,
				ED9EFA242C6FFC700056100A /* Mocks.swift */,
			);
			path = WeatherAppTests;
			sourceTree = "<group>";
		};
		ED9EFA002C6FBAA80056100A /* WeatherAppUITests */ = {
			isa = PBXGroup;
			children = (
				ED9EFA012C6FBAA80056100A /* WeatherAppUITests.swift */,
				ED9EFA032C6FBAA80056100A /* WeatherAppUITestsLaunchTests.swift */,
			);
			path = WeatherAppUITests;
			sourceTree = "<group>";
		};
		ED9EFA102C6FBB4D0056100A /* View */ = {
			isa = PBXGroup;
			children = (
				ED9EF9E42C6FBAA70056100A /* WeatherViewController.swift */,
				ED9EFA112C6FBB4D0056100A /* WeatherView.swift */,
			);
			path = View;
			sourceTree = "<group>";
		};
		ED9EFA122C6FBB4D0056100A /* ViewModel */ = {
			isa = PBXGroup;
			children = (
				ED9EFA132C6FBB4D0056100A /* WeatherViewModel.swift */,
			);
			path = ViewModel;
			sourceTree = "<group>";
		};
		ED9EFA142C6FBB4D0056100A /* Model */ = {
			isa = PBXGroup;
			children = (
				ED9EFA152C6FBB4D0056100A /* WeatherResponse.swift */,
			);
			path = Model;
			sourceTree = "<group>";
		};
		ED9EFA162C6FBB4D0056100A /* Services */ = {
			isa = PBXGroup;
			children = (
				ED9EFA172C6FBB4D0056100A /* WeatherService.swift */,
				ED9EFA182C6FBB4D0056100A /* LocationService.swift */,
				ED9EFA202C6FF8E00056100A /* NetworkService.swift */,
			);
			path = Services;
			sourceTree = "<group>";
		};
/* End PBXGroup section */

/* Begin PBXNativeTarget section */
		ED9EF9DC2C6FBAA70056100A /* WeatherApp */ = {
			isa = PBXNativeTarget;
			buildConfigurationList = ED9EFA072C6FBAA80056100A /* Build configuration list for PBXNativeTarget "WeatherApp" */;
			buildPhases = (
				4B8AB526BF07E064567EDE20 /* [CP] Check Pods Manifest.lock */,
				ED9EF9D92C6FBAA70056100A /* Sources */,
				ED9EF9DA2C6FBAA70056100A /* Frameworks */,
				ED9EF9DB2C6FBAA70056100A /* Resources */,
				A75229681078D2FAB038EED8 /* [CP] Embed Pods Frameworks */,
			);
			buildRules = (
			);
			dependencies = (
			);
			name = WeatherApp;
			productName = WeatherApp;
			productReference = ED9EF9DD2C6FBAA70056100A /* WeatherApp.app */;
			productType = "com.apple.product-type.application";
		};
		ED9EF9F22C6FBAA80056100A /* WeatherAppTests */ = {
			isa = PBXNativeTarget;
			buildConfigurationList = ED9EFA0A2C6FBAA80056100A /* Build configuration list for PBXNativeTarget "WeatherAppTests" */;
			buildPhases = (
				A678140C29D49DEE0D4CE39F /* [CP] Check Pods Manifest.lock */,
				ED9EF9EF2C6FBAA80056100A /* Sources */,
				ED9EF9F02C6FBAA80056100A /* Frameworks */,
				ED9EF9F12C6FBAA80056100A /* Resources */,
			);
			buildRules = (
			);
			dependencies = (
				ED9EF9F52C6FBAA80056100A /* PBXTargetDependency */,
			);
			name = WeatherAppTests;
			productName = WeatherAppTests;
			productReference = ED9EF9F32C6FBAA80056100A /* WeatherAppTests.xctest */;
			productType = "com.apple.product-type.bundle.unit-test";
		};
		ED9EF9FC2C6FBAA80056100A /* WeatherAppUITests */ = {
			isa = PBXNativeTarget;
			buildConfigurationList = ED9EFA0D2C6FBAA80056100A /* Build configuration list for PBXNativeTarget "WeatherAppUITests" */;
			buildPhases = (
				4CD090369725156D4C9EFA9A /* [CP] Check Pods Manifest.lock */,
				ED9EF9F92C6FBAA80056100A /* Sources */,
				ED9EF9FA2C6FBAA80056100A /* Frameworks */,
				ED9EF9FB2C6FBAA80056100A /* Resources */,
				615B592DE60DA47A0CC469BB /* [CP] Embed Pods Frameworks */,
			);
			buildRules = (
			);
			dependencies = (
				ED9EF9FF2C6FBAA80056100A /* PBXTargetDependency */,
			);
			name = WeatherAppUITests;
			productName = WeatherAppUITests;
			productReference = ED9EF9FD2C6FBAA80056100A /* WeatherAppUITests.xctest */;
			productType = "com.apple.product-type.bundle.ui-testing";
		};
/* End PBXNativeTarget section */

/* Begin PBXProject section */
		ED9EF9D52C6FBAA70056100A /* Project object */ = {
			isa = PBXProject;
			attributes = {
				BuildIndependentTargetsInParallel = 1;
				LastSwiftUpdateCheck = 1520;
				LastUpgradeCheck = 1520;
				TargetAttributes = {
					ED9EF9DC2C6FBAA70056100A = {
						CreatedOnToolsVersion = 15.2;
					};
					ED9EF9F22C6FBAA80056100A = {
						CreatedOnToolsVersion = 15.2;
						TestTargetID = ED9EF9DC2C6FBAA70056100A;
					};
					ED9EF9FC2C6FBAA80056100A = {
						CreatedOnToolsVersion = 15.2;
						TestTargetID = ED9EF9DC2C6FBAA70056100A;
					};
				};
			};
			buildConfigurationList = ED9EF9D82C6FBAA70056100A /* Build configuration list for PBXProject "WeatherApp" */;
			compatibilityVersion = "Xcode 14.0";
			developmentRegion = en;
			hasScannedForEncodings = 0;
			knownRegions = (
				en,
				Base,
			);
			mainGroup = ED9EF9D42C6FBAA70056100A;
			productRefGroup = ED9EF9DE2C6FBAA70056100A /* Products */;
			projectDirPath = "";
			projectRoot = "";
			targets = (
				ED9EF9DC2C6FBAA70056100A /* WeatherApp */,
				ED9EF9F22C6FBAA80056100A /* WeatherAppTests */,
				ED9EF9FC2C6FBAA80056100A /* WeatherAppUITests */,
			);
		};
/* End PBXProject section */

/* Begin PBXResourcesBuildPhase section */
		ED9EF9DB2C6FBAA70056100A /* Resources */ = {
			isa = PBXResourcesBuildPhase;
			buildActionMask = 2147483647;
			files = (
				ED9EF9ED2C6FBAA80056100A /* LaunchScreen.storyboard in Resources */,
				ED9EF9EA2C6FBAA80056100A /* Assets.xcassets in Resources */,
				ED9EF9E82C6FBAA70056100A /* Main.storyboard in Resources */,
			);
			runOnlyForDeploymentPostprocessing = 0;
		};
		ED9EF9F12C6FBAA80056100A /* Resources */ = {
			isa = PBXResourcesBuildPhase;
			buildActionMask = 2147483647;
			files = (
			);
			runOnlyForDeploymentPostprocessing = 0;
		};
		ED9EF9FB2C6FBAA80056100A /* Resources */ = {
			isa = PBXResourcesBuildPhase;
			buildActionMask = 2147483647;
			files = (
			);
			runOnlyForDeploymentPostprocessing = 0;
		};
/* End PBXResourcesBuildPhase section */

/* Begin PBXShellScriptBuildPhase section */
		4B8AB526BF07E064567EDE20 /* [CP] Check Pods Manifest.lock */ = {
			isa = PBXShellScriptBuildPhase;
			buildActionMask = 2147483647;
			files = (
			);
			inputFileListPaths = (
			);
			inputPaths = (
				"${PODS_PODFILE_DIR_PATH}/Podfile.lock",
				"${PODS_ROOT}/Manifest.lock",
			);
			name = "[CP] Check Pods Manifest.lock";
			outputFileListPaths = (
			);
			outputPaths = (
				"$(DERIVED_FILE_DIR)/Pods-WeatherApp-checkManifestLockResult.txt",
			);
			runOnlyForDeploymentPostprocessing = 0;
			shellPath = /bin/sh;
			shellScript = "diff \"${PODS_PODFILE_DIR_PATH}/Podfile.lock\" \"${PODS_ROOT}/Manifest.lock\" > /dev/null\nif [ $? != 0 ] ; then\n    # print error to STDERR\n    echo \"error: The sandbox is not in sync with the Podfile.lock. Run 'pod install' or update your CocoaPods installation.\" >&2\n    exit 1\nfi\n# This output is used by Xcode 'outputs' to avoid re-running this script phase.\necho \"SUCCESS\" > \"${SCRIPT_OUTPUT_FILE_0}\"\n";
			showEnvVarsInLog = 0;
		};
		4CD090369725156D4C9EFA9A /* [CP] Check Pods Manifest.lock */ = {
			isa = PBXShellScriptBuildPhase;
			buildActionMask = 2147483647;
			files = (
			);
			inputFileListPaths = (
			);
			inputPaths = (
				"${PODS_PODFILE_DIR_PATH}/Podfile.lock",
				"${PODS_ROOT}/Manifest.lock",
			);
			name = "[CP] Check Pods Manifest.lock";
			outputFileListPaths = (
			);
			outputPaths = (
				"$(DERIVED_FILE_DIR)/Pods-WeatherApp-WeatherAppUITests-checkManifestLockResult.txt",
			);
			runOnlyForDeploymentPostprocessing = 0;
			shellPath = /bin/sh;
			shellScript = "diff \"${PODS_PODFILE_DIR_PATH}/Podfile.lock\" \"${PODS_ROOT}/Manifest.lock\" > /dev/null\nif [ $? != 0 ] ; then\n    # print error to STDERR\n    echo \"error: The sandbox is not in sync with the Podfile.lock. Run 'pod install' or update your CocoaPods installation.\" >&2\n    exit 1\nfi\n# This output is used by Xcode 'outputs' to avoid re-running this script phase.\necho \"SUCCESS\" > \"${SCRIPT_OUTPUT_FILE_0}\"\n";
			showEnvVarsInLog = 0;
		};
		615B592DE60DA47A0CC469BB /* [CP] Embed Pods Frameworks */ = {
			isa = PBXShellScriptBuildPhase;
			buildActionMask = 2147483647;
			files = (
			);
			inputFileListPaths = (
				"${PODS_ROOT}/Target Support Files/Pods-WeatherApp-WeatherAppUITests/Pods-WeatherApp-WeatherAppUITests-frameworks-${CONFIGURATION}-input-files.xcfilelist",
			);
			name = "[CP] Embed Pods Frameworks";
			outputFileListPaths = (
				"${PODS_ROOT}/Target Support Files/Pods-WeatherApp-WeatherAppUITests/Pods-WeatherApp-WeatherAppUITests-frameworks-${CONFIGURATION}-output-files.xcfilelist",
			);
			runOnlyForDeploymentPostprocessing = 0;
			shellPath = /bin/sh;
			shellScript = "\"${PODS_ROOT}/Target Support Files/Pods-WeatherApp-WeatherAppUITests/Pods-WeatherApp-WeatherAppUITests-frameworks.sh\"\n";
			showEnvVarsInLog = 0;
		};
		A678140C29D49DEE0D4CE39F /* [CP] Check Pods Manifest.lock */ = {
			isa = PBXShellScriptBuildPhase;
			buildActionMask = 2147483647;
			files = (
			);
			inputFileListPaths = (
			);
			inputPaths = (
				"${PODS_PODFILE_DIR_PATH}/Podfile.lock",
				"${PODS_ROOT}/Manifest.lock",
			);
			name = "[CP] Check Pods Manifest.lock";
			outputFileListPaths = (
			);
			outputPaths = (
				"$(DERIVED_FILE_DIR)/Pods-WeatherAppTests-checkManifestLockResult.txt",
			);
			runOnlyForDeploymentPostprocessing = 0;
			shellPath = /bin/sh;
			shellScript = "diff \"${PODS_PODFILE_DIR_PATH}/Podfile.lock\" \"${PODS_ROOT}/Manifest.lock\" > /dev/null\nif [ $? != 0 ] ; then\n    # print error to STDERR\n    echo \"error: The sandbox is not in sync with the Podfile.lock. Run 'pod install' or update your CocoaPods installation.\" >&2\n    exit 1\nfi\n# This output is used by Xcode 'outputs' to avoid re-running this script phase.\necho \"SUCCESS\" > \"${SCRIPT_OUTPUT_FILE_0}\"\n";
			showEnvVarsInLog = 0;
		};
		A75229681078D2FAB038EED8 /* [CP] Embed Pods Frameworks */ = {
			isa = PBXShellScriptBuildPhase;
			buildActionMask = 2147483647;
			files = (
			);
			inputFileListPaths = (
				"${PODS_ROOT}/Target Support Files/Pods-WeatherApp/Pods-WeatherApp-frameworks-${CONFIGURATION}-input-files.xcfilelist",
			);
			name = "[CP] Embed Pods Frameworks";
			outputFileListPaths = (
				"${PODS_ROOT}/Target Support Files/Pods-WeatherApp/Pods-WeatherApp-frameworks-${CONFIGURATION}-output-files.xcfilelist",
			);
			runOnlyForDeploymentPostprocessing = 0;
			shellPath = /bin/sh;
			shellScript = "\"${PODS_ROOT}/Target Support Files/Pods-WeatherApp/Pods-WeatherApp-frameworks.sh\"\n";
			showEnvVarsInLog = 0;
		};
/* End PBXShellScriptBuildPhase section */

/* Begin PBXSourcesBuildPhase section */
		ED9EF9D92C6FBAA70056100A /* Sources */ = {
			isa = PBXSourcesBuildPhase;
			buildActionMask = 2147483647;
			files = (
				ED9EFA1A2C6FBB4D0056100A /* WeatherViewModel.swift in Sources */,
				ED9EFA1B2C6FBB4D0056100A /* WeatherResponse.swift in Sources */,
				ED9EFA1D2C6FBB4D0056100A /* LocationService.swift in Sources */,
				ED9EF9E52C6FBAA70056100A /* WeatherViewController.swift in Sources */,
				ED9EFA212C6FF8E00056100A /* NetworkService.swift in Sources */,
				ED9EF9E12C6FBAA70056100A /* AppDelegate.swift in Sources */,
				ED9EF9E32C6FBAA70056100A /* SceneDelegate.swift in Sources */,
				ED9EFA192C6FBB4D0056100A /* WeatherView.swift in Sources */,
				ED9EFA1C2C6FBB4D0056100A /* WeatherService.swift in Sources */,
			);
			runOnlyForDeploymentPostprocessing = 0;
		};
		ED9EF9EF2C6FBAA80056100A /* Sources */ = {
			isa = PBXSourcesBuildPhase;
			buildActionMask = 2147483647;
			files = (
				ED9EFA1F2C6FF7610056100A /* WeatherServiceTests.swift in Sources */,
				ED9EF9F82C6FBAA80056100A /* WeatherAppTests.swift in Sources */,
				ED9EFA232C6FF9F10056100A /* WeatherViewModelTests.swift in Sources */,
				ED9EFA252C6FFC700056100A /* Mocks.swift in Sources */,
			);
			runOnlyForDeploymentPostprocessing = 0;
		};
		ED9EF9F92C6FBAA80056100A /* Sources */ = {
			isa = PBXSourcesBuildPhase;
			buildActionMask = 2147483647;
			files = (
				ED9EFA022C6FBAA80056100A /* WeatherAppUITests.swift in Sources */,
				ED9EFA042C6FBAA80056100A /* WeatherAppUITestsLaunchTests.swift in Sources */,
			);
			runOnlyForDeploymentPostprocessing = 0;
		};
/* End PBXSourcesBuildPhase section */

/* Begin PBXTargetDependency section */
		ED9EF9F52C6FBAA80056100A /* PBXTargetDependency */ = {
			isa = PBXTargetDependency;
			target = ED9EF9DC2C6FBAA70056100A /* WeatherApp */;
			targetProxy = ED9EF9F42C6FBAA80056100A /* PBXContainerItemProxy */;
		};
		ED9EF9FF2C6FBAA80056100A /* PBXTargetDependency */ = {
			isa = PBXTargetDependency;
			target = ED9EF9DC2C6FBAA70056100A /* WeatherApp */;
			targetProxy = ED9EF9FE2C6FBAA80056100A /* PBXContainerItemProxy */;
		};
/* End PBXTargetDependency section */

/* Begin PBXVariantGroup section */
		ED9EF9E62C6FBAA70056100A /* Main.storyboard */ = {
			isa = PBXVariantGroup;
			children = (
				ED9EF9E72C6FBAA70056100A /* Base */,
			);
			name = Main.storyboard;
			sourceTree = "<group>";
		};
		ED9EF9EB2C6FBAA80056100A /* LaunchScreen.storyboard */ = {
			isa = PBXVariantGroup;
			children = (
				ED9EF9EC2C6FBAA80056100A /* Base */,
			);
			name = LaunchScreen.storyboard;
			sourceTree = "<group>";
		};
/* End PBXVariantGroup section */

/* Begin XCBuildConfiguration section */
		ED9EFA052C6FBAA80056100A /* Debug */ = {
			isa = XCBuildConfiguration;
			buildSettings = {
				ALWAYS_SEARCH_USER_PATHS = NO;
				ASSETCATALOG_COMPILER_GENERATE_SWIFT_ASSET_SYMBOL_EXTENSIONS = YES;
				CLANG_ANALYZER_NONNULL = YES;
				CLANG_ANALYZER_NUMBER_OBJECT_CONVERSION = YES_AGGRESSIVE;
				CLANG_CXX_LANGUAGE_STANDARD = "gnu++20";
				CLANG_ENABLE_MODULES = YES;
				CLANG_ENABLE_OBJC_ARC = YES;
				CLANG_ENABLE_OBJC_WEAK = YES;
				CLANG_WARN_BLOCK_CAPTURE_AUTORELEASING = YES;
				CLANG_WARN_BOOL_CONVERSION = YES;
				CLANG_WARN_COMMA = YES;
				CLANG_WARN_CONSTANT_CONVERSION = YES;
				CLANG_WARN_DEPRECATED_OBJC_IMPLEMENTATIONS = YES;
				CLANG_WARN_DIRECT_OBJC_ISA_USAGE = YES_ERROR;
				CLANG_WARN_DOCUMENTATION_COMMENTS = YES;
				CLANG_WARN_EMPTY_BODY = YES;
				CLANG_WARN_ENUM_CONVERSION = YES;
				CLANG_WARN_INFINITE_RECURSION = YES;
				CLANG_WARN_INT_CONVERSION = YES;
				CLANG_WARN_NON_LITERAL_NULL_CONVERSION = YES;
				CLANG_WARN_OBJC_IMPLICIT_RETAIN_SELF = YES;
				CLANG_WARN_OBJC_LITERAL_CONVERSION = YES;
				CLANG_WARN_OBJC_ROOT_CLASS = YES_ERROR;
				CLANG_WARN_QUOTED_INCLUDE_IN_FRAMEWORK_HEADER = YES;
				CLANG_WARN_RANGE_LOOP_ANALYSIS = YES;
				CLANG_WARN_STRICT_PROTOTYPES = YES;
				CLANG_WARN_SUSPICIOUS_MOVE = YES;
				CLANG_WARN_UNGUARDED_AVAILABILITY = YES_AGGRESSIVE;
				CLANG_WARN_UNREACHABLE_CODE = YES;
				CLANG_WARN__DUPLICATE_METHOD_MATCH = YES;
				COPY_PHASE_STRIP = NO;
				DEBUG_INFORMATION_FORMAT = dwarf;
				ENABLE_STRICT_OBJC_MSGSEND = YES;
				ENABLE_TESTABILITY = YES;
				ENABLE_USER_SCRIPT_SANDBOXING = YES;
				GCC_C_LANGUAGE_STANDARD = gnu17;
				GCC_DYNAMIC_NO_PIC = NO;
				GCC_NO_COMMON_BLOCKS = YES;
				GCC_OPTIMIZATION_LEVEL = 0;
				GCC_PREPROCESSOR_DEFINITIONS = (
					"DEBUG=1",
					"$(inherited)",
				);
				GCC_WARN_64_TO_32_BIT_CONVERSION = YES;
				GCC_WARN_ABOUT_RETURN_TYPE = YES_ERROR;
				GCC_WARN_UNDECLARED_SELECTOR = YES;
				GCC_WARN_UNINITIALIZED_AUTOS = YES_AGGRESSIVE;
				GCC_WARN_UNUSED_FUNCTION = YES;
				GCC_WARN_UNUSED_VARIABLE = YES;
				IPHONEOS_DEPLOYMENT_TARGET = 17.2;
				LOCALIZATION_PREFERS_STRING_CATALOGS = YES;
				MTL_ENABLE_DEBUG_INFO = INCLUDE_SOURCE;
				MTL_FAST_MATH = YES;
				ONLY_ACTIVE_ARCH = YES;
				SDKROOT = iphoneos;
				SWIFT_ACTIVE_COMPILATION_CONDITIONS = "DEBUG $(inherited)";
				SWIFT_OPTIMIZATION_LEVEL = "-Onone";
			};
			name = Debug;
		};
		ED9EFA062C6FBAA80056100A /* Release */ = {
			isa = XCBuildConfiguration;
			buildSettings = {
				ALWAYS_SEARCH_USER_PATHS = NO;
				ASSETCATALOG_COMPILER_GENERATE_SWIFT_ASSET_SYMBOL_EXTENSIONS = YES;
				CLANG_ANALYZER_NONNULL = YES;
				CLANG_ANALYZER_NUMBER_OBJECT_CONVERSION = YES_AGGRESSIVE;
				CLANG_CXX_LANGUAGE_STANDARD = "gnu++20";
				CLANG_ENABLE_MODULES = YES;
				CLANG_ENABLE_OBJC_ARC = YES;
				CLANG_ENABLE_OBJC_WEAK = YES;
				CLANG_WARN_BLOCK_CAPTURE_AUTORELEASING = YES;
				CLANG_WARN_BOOL_CONVERSION = YES;
				CLANG_WARN_COMMA = YES;
				CLANG_WARN_CONSTANT_CONVERSION = YES;
				CLANG_WARN_DEPRECATED_OBJC_IMPLEMENTATIONS = YES;
				CLANG_WARN_DIRECT_OBJC_ISA_USAGE = YES_ERROR;
				CLANG_WARN_DOCUMENTATION_COMMENTS = YES;
				CLANG_WARN_EMPTY_BODY = YES;
				CLANG_WARN_ENUM_CONVERSION = YES;
				CLANG_WARN_INFINITE_RECURSION = YES;
				CLANG_WARN_INT_CONVERSION = YES;
				CLANG_WARN_NON_LITERAL_NULL_CONVERSION = YES;
				CLANG_WARN_OBJC_IMPLICIT_RETAIN_SELF = YES;
				CLANG_WARN_OBJC_LITERAL_CONVERSION = YES;
				CLANG_WARN_OBJC_ROOT_CLASS = YES_ERROR;
				CLANG_WARN_QUOTED_INCLUDE_IN_FRAMEWORK_HEADER = YES;
				CLANG_WARN_RANGE_LOOP_ANALYSIS = YES;
				CLANG_WARN_STRICT_PROTOTYPES = YES;
				CLANG_WARN_SUSPICIOUS_MOVE = YES;
				CLANG_WARN_UNGUARDED_AVAILABILITY = YES_AGGRESSIVE;
				CLANG_WARN_UNREACHABLE_CODE = YES;
				CLANG_WARN__DUPLICATE_METHOD_MATCH = YES;
				COPY_PHASE_STRIP = NO;
				DEBUG_INFORMATION_FORMAT = "dwarf-with-dsym";
				ENABLE_NS_ASSERTIONS = NO;
				ENABLE_STRICT_OBJC_MSGSEND = YES;
				ENABLE_USER_SCRIPT_SANDBOXING = YES;
				GCC_C_LANGUAGE_STANDARD = gnu17;
				GCC_NO_COMMON_BLOCKS = YES;
				GCC_WARN_64_TO_32_BIT_CONVERSION = YES;
				GCC_WARN_ABOUT_RETURN_TYPE = YES_ERROR;
				GCC_WARN_UNDECLARED_SELECTOR = YES;
				GCC_WARN_UNINITIALIZED_AUTOS = YES_AGGRESSIVE;
				GCC_WARN_UNUSED_FUNCTION = YES;
				GCC_WARN_UNUSED_VARIABLE = YES;
				IPHONEOS_DEPLOYMENT_TARGET = 17.2;
				LOCALIZATION_PREFERS_STRING_CATALOGS = YES;
				MTL_ENABLE_DEBUG_INFO = NO;
				MTL_FAST_MATH = YES;
				SDKROOT = iphoneos;
				SWIFT_COMPILATION_MODE = wholemodule;
				VALIDATE_PRODUCT = YES;
			};
			name = Release;
		};
		ED9EFA082C6FBAA80056100A /* Debug */ = {
			isa = XCBuildConfiguration;
			baseConfigurationReference = 443C7E2DF3F719CA4B11008A /* Pods-WeatherApp.debug.xcconfig */;
			buildSettings = {
				ASSETCATALOG_COMPILER_APPICON_NAME = AppIcon;
				ASSETCATALOG_COMPILER_GLOBAL_ACCENT_COLOR_NAME = AccentColor;
				CODE_SIGN_STYLE = Automatic;
				CURRENT_PROJECT_VERSION = 1;
				ENABLE_USER_SCRIPT_SANDBOXING = NO;
				GENERATE_INFOPLIST_FILE = YES;
				INFOPLIST_FILE = WeatherApp/Info.plist;
				INFOPLIST_KEY_UIApplicationSupportsIndirectInputEvents = YES;
				INFOPLIST_KEY_UILaunchStoryboardName = LaunchScreen;
				INFOPLIST_KEY_UIMainStoryboardFile = Main;
				INFOPLIST_KEY_UISupportedInterfaceOrientations_iPad = "UIInterfaceOrientationPortrait UIInterfaceOrientationPortraitUpsideDown UIInterfaceOrientationLandscapeLeft UIInterfaceOrientationLandscapeRight";
				INFOPLIST_KEY_UISupportedInterfaceOrientations_iPhone = "UIInterfaceOrientationPortrait UIInterfaceOrientationLandscapeLeft UIInterfaceOrientationLandscapeRight";
				LD_RUNPATH_SEARCH_PATHS = (
					"$(inherited)",
					"@executable_path/Frameworks",
				);
				MARKETING_VERSION = 1.0;
				PRODUCT_BUNDLE_IDENTIFIER = home.WeatherApp;
				PRODUCT_NAME = "$(TARGET_NAME)";
				SWIFT_EMIT_LOC_STRINGS = YES;
				SWIFT_VERSION = 5.0;
				TARGETED_DEVICE_FAMILY = "1,2";
			};
			name = Debug;
		};
		ED9EFA092C6FBAA80056100A /* Release */ = {
			isa = XCBuildConfiguration;
			baseConfigurationReference = 24811D4C4ADF33322DAF356A /* Pods-WeatherApp.release.xcconfig */;
			buildSettings = {
				ASSETCATALOG_COMPILER_APPICON_NAME = AppIcon;
				ASSETCATALOG_COMPILER_GLOBAL_ACCENT_COLOR_NAME = AccentColor;
				CODE_SIGN_STYLE = Automatic;
				CURRENT_PROJECT_VERSION = 1;
				ENABLE_USER_SCRIPT_SANDBOXING = NO;
				GENERATE_INFOPLIST_FILE = YES;
				INFOPLIST_FILE = WeatherApp/Info.plist;
				INFOPLIST_KEY_UIApplicationSupportsIndirectInputEvents = YES;
				INFOPLIST_KEY_UILaunchStoryboardName = LaunchScreen;
				INFOPLIST_KEY_UIMainStoryboardFile = Main;
				INFOPLIST_KEY_UISupportedInterfaceOrientations_iPad = "UIInterfaceOrientationPortrait UIInterfaceOrientationPortraitUpsideDown UIInterfaceOrientationLandscapeLeft UIInterfaceOrientationLandscapeRight";
				INFOPLIST_KEY_UISupportedInterfaceOrientations_iPhone = "UIInterfaceOrientationPortrait UIInterfaceOrientationLandscapeLeft UIInterfaceOrientationLandscapeRight";
				LD_RUNPATH_SEARCH_PATHS = (
					"$(inherited)",
					"@executable_path/Frameworks",
				);
				MARKETING_VERSION = 1.0;
				PRODUCT_BUNDLE_IDENTIFIER = home.WeatherApp;
				PRODUCT_NAME = "$(TARGET_NAME)";
				SWIFT_EMIT_LOC_STRINGS = YES;
				SWIFT_VERSION = 5.0;
				TARGETED_DEVICE_FAMILY = "1,2";
			};
			name = Release;
		};
		ED9EFA0B2C6FBAA80056100A /* Debug */ = {
			isa = XCBuildConfiguration;
			baseConfigurationReference = C05BDF0AD2EC0DF25F7F48E5 /* Pods-WeatherAppTests.debug.xcconfig */;
			buildSettings = {
				ALWAYS_EMBED_SWIFT_STANDARD_LIBRARIES = YES;
				BUNDLE_LOADER = "$(TEST_HOST)";
				CODE_SIGN_STYLE = Automatic;
				CURRENT_PROJECT_VERSION = 1;
				GENERATE_INFOPLIST_FILE = YES;
				IPHONEOS_DEPLOYMENT_TARGET = 17.2;
				MARKETING_VERSION = 1.0;
				PRODUCT_BUNDLE_IDENTIFIER = home.WeatherAppTests;
				PRODUCT_NAME = "$(TARGET_NAME)";
				SWIFT_EMIT_LOC_STRINGS = NO;
				SWIFT_VERSION = 5.0;
				TARGETED_DEVICE_FAMILY = "1,2";
				TEST_HOST = "$(BUILT_PRODUCTS_DIR)/WeatherApp.app/$(BUNDLE_EXECUTABLE_FOLDER_PATH)/WeatherApp";
			};
			name = Debug;
		};
		ED9EFA0C2C6FBAA80056100A /* Release */ = {
			isa = XCBuildConfiguration;
			baseConfigurationReference = 18375A65936BEE80D8EA314A /* Pods-WeatherAppTests.release.xcconfig */;
			buildSettings = {
				ALWAYS_EMBED_SWIFT_STANDARD_LIBRARIES = YES;
				BUNDLE_LOADER = "$(TEST_HOST)";
				CODE_SIGN_STYLE = Automatic;
				CURRENT_PROJECT_VERSION = 1;
				GENERATE_INFOPLIST_FILE = YES;
				IPHONEOS_DEPLOYMENT_TARGET = 17.2;
				MARKETING_VERSION = 1.0;
				PRODUCT_BUNDLE_IDENTIFIER = home.WeatherAppTests;
				PRODUCT_NAME = "$(TARGET_NAME)";
				SWIFT_EMIT_LOC_STRINGS = NO;
				SWIFT_VERSION = 5.0;
				TARGETED_DEVICE_FAMILY = "1,2";
				TEST_HOST = "$(BUILT_PRODUCTS_DIR)/WeatherApp.app/$(BUNDLE_EXECUTABLE_FOLDER_PATH)/WeatherApp";
			};
			name = Release;
		};
		ED9EFA0E2C6FBAA80056100A /* Debug */ = {
			isa = XCBuildConfiguration;
			baseConfigurationReference = 1FE5DC12D20CC1351E929481 /* Pods-WeatherApp-WeatherAppUITests.debug.xcconfig */;
			buildSettings = {
				ALWAYS_EMBED_SWIFT_STANDARD_LIBRARIES = YES;
				CODE_SIGN_STYLE = Automatic;
				CURRENT_PROJECT_VERSION = 1;
				GENERATE_INFOPLIST_FILE = YES;
				MARKETING_VERSION = 1.0;
				PRODUCT_BUNDLE_IDENTIFIER = home.WeatherAppUITests;
				PRODUCT_NAME = "$(TARGET_NAME)";
				SWIFT_EMIT_LOC_STRINGS = NO;
				SWIFT_VERSION = 5.0;
				TARGETED_DEVICE_FAMILY = "1,2";
				TEST_TARGET_NAME = WeatherApp;
			};
			name = Debug;
		};
		ED9EFA0F2C6FBAA80056100A /* Release */ = {
			isa = XCBuildConfiguration;
			baseConfigurationReference = 215D2299CDE3B4BE7D3A48F9 /* Pods-WeatherApp-WeatherAppUITests.release.xcconfig */;
			buildSettings = {
				ALWAYS_EMBED_SWIFT_STANDARD_LIBRARIES = YES;
				CODE_SIGN_STYLE = Automatic;
				CURRENT_PROJECT_VERSION = 1;
				GENERATE_INFOPLIST_FILE = YES;
				MARKETING_VERSION = 1.0;
				PRODUCT_BUNDLE_IDENTIFIER = home.WeatherAppUITests;
				PRODUCT_NAME = "$(TARGET_NAME)";
				SWIFT_EMIT_LOC_STRINGS = NO;
				SWIFT_VERSION = 5.0;
				TARGETED_DEVICE_FAMILY = "1,2";
				TEST_TARGET_NAME = WeatherApp;
			};
			name = Release;
		};
/* End XCBuildConfiguration section */

/* Begin XCConfigurationList section */
		ED9EF9D82C6FBAA70056100A /* Build configuration list for PBXProject "WeatherApp" */ = {
			isa = XCConfigurationList;
			buildConfigurations = (
				ED9EFA052C6FBAA80056100A /* Debug */,
				ED9EFA062C6FBAA80056100A /* Release */,
			);
			defaultConfigurationIsVisible = 0;
			defaultConfigurationName = Release;
		};
		ED9EFA072C6FBAA80056100A /* Build configuration list for PBXNativeTarget "WeatherApp" */ = {
			isa = XCConfigurationList;
			buildConfigurations = (
				ED9EFA082C6FBAA80056100A /* Debug */,
				ED9EFA092C6FBAA80056100A /* Release */,
			);
			defaultConfigurationIsVisible = 0;
			defaultConfigurationName = Release;
		};
		ED9EFA0A2C6FBAA80056100A /* Build configuration list for PBXNativeTarget "WeatherAppTests" */ = {
			isa = XCConfigurationList;
			buildConfigurations = (
				ED9EFA0B2C6FBAA80056100A /* Debug */,
				ED9EFA0C2C6FBAA80056100A /* Release */,
			);
			defaultConfigurationIsVisible = 0;
			defaultConfigurationName = Release;
		};
		ED9EFA0D2C6FBAA80056100A /* Build configuration list for PBXNativeTarget "WeatherAppUITests" */ = {
			isa = XCConfigurationList;
			buildConfigurations = (
				ED9EFA0E2C6FBAA80056100A /* Debug */,
				ED9EFA0F2C6FBAA80056100A /* Release */,
			);
			defaultConfigurationIsVisible = 0;
			defaultConfigurationName = Release;
		};
/* End XCConfigurationList section */
	};
	rootObject = ED9EF9D52C6FBAA70056100A /* Project object */;
}
